
Microsoft Visual Studio Solution File, Format Version 12.00
# Visual Studio 15
VisualStudioVersion = 15.0.27130.2027
MinimumVisualStudioVersion = 10.0.40219.1
Project("{FAE04EC0-301F-11D3-BF4B-00C04F79EFBC}") = "OuelletConvexHull", "OuelletConvexHull\OuelletConvexHull.csproj", "{20F87FD6-EEE7-484C-8EF1-536B9344BFBB}"
EndProject
Project("{2150E333-8FDC-42A3-9474-1A3956D46DE8}") = "Solution Items", "Solution Items", "{E050095D-27A8-4B02-8775-B87416621EC9}"
	ProjectSection(SolutionItems) = preProject
		Info\Detect which side ia a point from a line.png = Info\Detect which side ia a point from a line.png
	EndProjectSection
EndProject
Project("{8BC9CEB8-8B4A-11D0-8D11-00A0C91BC942}") = "PatMorinImplementationOfChanAndHeap", "PatMorinImplementation\PatMorinImplementationOfChanAndHeap\PatMorinImplementationOfChanAndHeap.vcxproj", "{8AAE2AC5-35C0-4498-AA83-B529418146B6}"
EndProject
Project("{FAE04EC0-301F-11D3-BF4B-00C04F79EFBC}") = "ConvexHullHelper", "ConvexHullHelper\ConvexHullHelper.csproj", "{45F76D07-3833-4B42-82F5-A1C368197FB8}"
EndProject
Project("{8BC9CEB8-8B4A-11D0-8D11-00A0C91BC942}") = "OuelletConvexHullCpp", "OuelletConvexHullCpp\OuelletConvexHullCpp.vcxproj", "{5A514142-0466-4E24-A651-9607CE3669B3}"
EndProject
Project("{FAE04EC0-301F-11D3-BF4B-00C04F79EFBC}") = "ConvexHullWorkbench", "ConvexHullWorkbench\ConvexHullWorkbench.csproj", "{269A97F9-CC55-4FDA-B577-317DC1B772C8}"
EndProject
Project("{FAE04EC0-301F-11D3-BF4B-00C04F79EFBC}") = "MIConvexHull", "MIConvexHull\MIConvexHull.csproj", "{70687E43-1260-4992-B3BD-A19B68C6A0D3}"
EndProject
Project("{FAE04EC0-301F-11D3-BF4B-00C04F79EFBC}") = "LiuAndChen", "LiuAndChen\LiuAndChen.csproj", "{C0ED592F-EE7D-4E14-9BD3-3C003FCD7AB8}"
EndProject
Project("{FAE04EC0-301F-11D3-BF4B-00C04F79EFBC}") = "General", "General\General.csproj", "{B1E27CC6-6CF8-4012-93D6-4281F1268CDF}"
EndProject
Project("{FAE04EC0-301F-11D3-BF4B-00C04F79EFBC}") = "OuelletConvexHullAvl", "OuelletConvexHullAvl\OuelletConvexHullAvl.csproj", "{F3877BB4-F4D1-41FE-9804-ABA843DF23D8}"
EndProject
Project("{FAE04EC0-301F-11D3-BF4B-00C04F79EFBC}") = "Mathematic", "Mathematic\Mathematic.csproj", "{923BBB0F-13FC-412E-9CFA-1CBD61A41454}"
EndProject
Project("{FAE04EC0-301F-11D3-BF4B-00C04F79EFBC}") = "OuelletConvexHullArray", "OuelletConvexHullArray\OuelletConvexHullArray.csproj", "{3BECB981-FE49-403B-A625-2B6F7519C59A}"
EndProject
Project("{FAE04EC0-301F-11D3-BF4B-00C04F79EFBC}") = "Unsafe", "Unsafe\Unsafe.csproj", "{E382C9F9-0C34-477E-B5AE-0C563F84C96B}"
EndProject
Project("{FAE04EC0-301F-11D3-BF4B-00C04F79EFBC}") = "OuelletConvexHullArrayNoIndirect", "OuelletConvexHullArrayNoIndirect\OuelletConvexHullArrayNoIndirect.csproj", "{11AD1227-834D-49CF-A717-27DFDA4EACC2}"
EndProject
Project("{FAE04EC0-301F-11D3-BF4B-00C04F79EFBC}") = "OuelletConvexHullAvl2", "OuelletConvexHullAvl2\OuelletConvexHullAvl2.csproj", "{9F6DB41F-5841-425F-B1C2-6AD623AA7774}"
EndProject
Project("{FAE04EC0-301F-11D3-BF4B-00C04F79EFBC}") = "MonotoneChain", "MonotoneChain\MonotoneChain.csproj", "{03A088FC-C9D5-4AD7-9249-3EFE933DDC16}"
EndProject
Project("{FAE04EC0-301F-11D3-BF4B-00C04F79EFBC}") = "RodStephens", "RodStephens\RodStephens.csproj", "{60C0B62A-5415-456F-81FB-11DD70236A07}"
EndProject
Project("{FAE04EC0-301F-11D3-BF4B-00C04F79EFBC}") = "OuelletConvexHullAvl3", "OuelletConvexHullAvl3\OuelletConvexHullAvl3.csproj", "{6C9D4F92-4F35-47C2-AE6F-E631ACC6B7E1}"
EndProject
Global
	GlobalSection(SolutionConfigurationPlatforms) = preSolution
		Debug|Any CPU = Debug|Any CPU
		Debug|Mixed Platforms = Debug|Mixed Platforms
		Debug|Win32 = Debug|Win32
		Debug|x64 = Debug|x64
		Debug|x86 = Debug|x86
		Release|Any CPU = Release|Any CPU
		Release|Mixed Platforms = Release|Mixed Platforms
		Release|Win32 = Release|Win32
		Release|x64 = Release|x64
		Release|x86 = Release|x86
	EndGlobalSection
	GlobalSection(ProjectConfigurationPlatforms) = postSolution
		{20F87FD6-EEE7-484C-8EF1-536B9344BFBB}.Debug|Any CPU.ActiveCfg = Debug|Any CPU
		{20F87FD6-EEE7-484C-8EF1-536B9344BFBB}.Debug|Any CPU.Build.0 = Debug|Any CPU
		{20F87FD6-EEE7-484C-8EF1-536B9344BFBB}.Debug|Mixed Platforms.ActiveCfg = Debug|x86
		{20F87FD6-EEE7-484C-8EF1-536B9344BFBB}.Debug|Mixed Platforms.Build.0 = Debug|x86
		{20F87FD6-EEE7-484C-8EF1-536B9344BFBB}.Debug|Win32.ActiveCfg = Debug|x86
		{20F87FD6-EEE7-484C-8EF1-536B9344BFBB}.Debug|Win32.Build.0 = Debug|x86
		{20F87FD6-EEE7-484C-8EF1-536B9344BFBB}.Debug|x64.ActiveCfg = Debug|x64
		{20F87FD6-EEE7-484C-8EF1-536B9344BFBB}.Debug|x64.Build.0 = Debug|x64
		{20F87FD6-EEE7-484C-8EF1-536B9344BFBB}.Debug|x86.ActiveCfg = Debug|x86
		{20F87FD6-EEE7-484C-8EF1-536B9344BFBB}.Debug|x86.Build.0 = Debug|x86
		{20F87FD6-EEE7-484C-8EF1-536B9344BFBB}.Release|Any CPU.ActiveCfg = Release|Any CPU
		{20F87FD6-EEE7-484C-8EF1-536B9344BFBB}.Release|Any CPU.Build.0 = Release|Any CPU
		{20F87FD6-EEE7-484C-8EF1-536B9344BFBB}.Release|Mixed Platforms.ActiveCfg = Release|x86
		{20F87FD6-EEE7-484C-8EF1-536B9344BFBB}.Release|Mixed Platforms.Build.0 = Release|x86
		{20F87FD6-EEE7-484C-8EF1-536B9344BFBB}.Release|Win32.ActiveCfg = Release|x86
		{20F87FD6-EEE7-484C-8EF1-536B9344BFBB}.Release|Win32.Build.0 = Release|x86
		{20F87FD6-EEE7-484C-8EF1-536B9344BFBB}.Release|x64.ActiveCfg = Release|x64
		{20F87FD6-EEE7-484C-8EF1-536B9344BFBB}.Release|x64.Build.0 = Release|x64
		{20F87FD6-EEE7-484C-8EF1-536B9344BFBB}.Release|x86.ActiveCfg = Release|Any CPU
		{20F87FD6-EEE7-484C-8EF1-536B9344BFBB}.Release|x86.Build.0 = Release|Any CPU
		{8AAE2AC5-35C0-4498-AA83-B529418146B6}.Debug|Any CPU.ActiveCfg = Debug|x64
		{8AAE2AC5-35C0-4498-AA83-B529418146B6}.Debug|Any CPU.Build.0 = Debug|x64
		{8AAE2AC5-35C0-4498-AA83-B529418146B6}.Debug|Mixed Platforms.ActiveCfg = Debug|Win32
		{8AAE2AC5-35C0-4498-AA83-B529418146B6}.Debug|Mixed Platforms.Build.0 = Debug|Win32
		{8AAE2AC5-35C0-4498-AA83-B529418146B6}.Debug|Win32.ActiveCfg = Debug|Win32
		{8AAE2AC5-35C0-4498-AA83-B529418146B6}.Debug|Win32.Build.0 = Debug|Win32
		{8AAE2AC5-35C0-4498-AA83-B529418146B6}.Debug|x64.ActiveCfg = Debug|x64
		{8AAE2AC5-35C0-4498-AA83-B529418146B6}.Debug|x64.Build.0 = Debug|x64
		{8AAE2AC5-35C0-4498-AA83-B529418146B6}.Debug|x86.ActiveCfg = Debug|Win32
		{8AAE2AC5-35C0-4498-AA83-B529418146B6}.Debug|x86.Build.0 = Debug|Win32
		{8AAE2AC5-35C0-4498-AA83-B529418146B6}.Release|Any CPU.ActiveCfg = Release|x64
		{8AAE2AC5-35C0-4498-AA83-B529418146B6}.Release|Any CPU.Build.0 = Release|x64
		{8AAE2AC5-35C0-4498-AA83-B529418146B6}.Release|Mixed Platforms.ActiveCfg = Release|Win32
		{8AAE2AC5-35C0-4498-AA83-B529418146B6}.Release|Mixed Platforms.Build.0 = Release|Win32
		{8AAE2AC5-35C0-4498-AA83-B529418146B6}.Release|Win32.ActiveCfg = Release|Win32
		{8AAE2AC5-35C0-4498-AA83-B529418146B6}.Release|Win32.Build.0 = Release|Win32
		{8AAE2AC5-35C0-4498-AA83-B529418146B6}.Release|x64.ActiveCfg = Release|x64
		{8AAE2AC5-35C0-4498-AA83-B529418146B6}.Release|x64.Build.0 = Release|x64
		{8AAE2AC5-35C0-4498-AA83-B529418146B6}.Release|x86.ActiveCfg = Release|Win32
		{8AAE2AC5-35C0-4498-AA83-B529418146B6}.Release|x86.Build.0 = Release|Win32
		{45F76D07-3833-4B42-82F5-A1C368197FB8}.Debug|Any CPU.ActiveCfg = Debug|Any CPU
		{45F76D07-3833-4B42-82F5-A1C368197FB8}.Debug|Any CPU.Build.0 = Debug|Any CPU
		{45F76D07-3833-4B42-82F5-A1C368197FB8}.Debug|Mixed Platforms.ActiveCfg = Debug|Any CPU
		{45F76D07-3833-4B42-82F5-A1C368197FB8}.Debug|Mixed Platforms.Build.0 = Debug|Any CPU
		{45F76D07-3833-4B42-82F5-A1C368197FB8}.Debug|Win32.ActiveCfg = Debug|Any CPU
		{45F76D07-3833-4B42-82F5-A1C368197FB8}.Debug|Win32.Build.0 = Debug|Any CPU
		{45F76D07-3833-4B42-82F5-A1C368197FB8}.Debug|x64.ActiveCfg = Debug|x64
		{45F76D07-3833-4B42-82F5-A1C368197FB8}.Debug|x64.Build.0 = Debug|x64
		{45F76D07-3833-4B42-82F5-A1C368197FB8}.Debug|x86.ActiveCfg = Debug|x86
		{45F76D07-3833-4B42-82F5-A1C368197FB8}.Debug|x86.Build.0 = Debug|x86
		{45F76D07-3833-4B42-82F5-A1C368197FB8}.Release|Any CPU.ActiveCfg = Release|Any CPU
		{45F76D07-3833-4B42-82F5-A1C368197FB8}.Release|Any CPU.Build.0 = Release|Any CPU
		{45F76D07-3833-4B42-82F5-A1C368197FB8}.Release|Mixed Platforms.ActiveCfg = Release|Any CPU
		{45F76D07-3833-4B42-82F5-A1C368197FB8}.Release|Mixed Platforms.Build.0 = Release|Any CPU
		{45F76D07-3833-4B42-82F5-A1C368197FB8}.Release|Win32.ActiveCfg = Release|x86
		{45F76D07-3833-4B42-82F5-A1C368197FB8}.Release|Win32.Build.0 = Release|x86
		{45F76D07-3833-4B42-82F5-A1C368197FB8}.Release|x64.ActiveCfg = Release|x64
		{45F76D07-3833-4B42-82F5-A1C368197FB8}.Release|x64.Build.0 = Release|x64
		{45F76D07-3833-4B42-82F5-A1C368197FB8}.Release|x86.ActiveCfg = Release|Any CPU
		{45F76D07-3833-4B42-82F5-A1C368197FB8}.Release|x86.Build.0 = Release|Any CPU
		{5A514142-0466-4E24-A651-9607CE3669B3}.Debug|Any CPU.ActiveCfg = Debug|x64
		{5A514142-0466-4E24-A651-9607CE3669B3}.Debug|Any CPU.Build.0 = Debug|x64
		{5A514142-0466-4E24-A651-9607CE3669B3}.Debug|Mixed Platforms.ActiveCfg = Debug|Win32
		{5A514142-0466-4E24-A651-9607CE3669B3}.Debug|Mixed Platforms.Build.0 = Debug|Win32
		{5A514142-0466-4E24-A651-9607CE3669B3}.Debug|Win32.ActiveCfg = Debug|Win32
		{5A514142-0466-4E24-A651-9607CE3669B3}.Debug|Win32.Build.0 = Debug|Win32
		{5A514142-0466-4E24-A651-9607CE3669B3}.Debug|x64.ActiveCfg = Debug|x64
		{5A514142-0466-4E24-A651-9607CE3669B3}.Debug|x64.Build.0 = Debug|x64
		{5A514142-0466-4E24-A651-9607CE3669B3}.Debug|x86.ActiveCfg = Debug|Win32
		{5A514142-0466-4E24-A651-9607CE3669B3}.Debug|x86.Build.0 = Debug|Win32
		{5A514142-0466-4E24-A651-9607CE3669B3}.Release|Any CPU.ActiveCfg = Release|x64
		{5A514142-0466-4E24-A651-9607CE3669B3}.Release|Any CPU.Build.0 = Release|x64
		{5A514142-0466-4E24-A651-9607CE3669B3}.Release|Mixed Platforms.ActiveCfg = Release|Win32
		{5A514142-0466-4E24-A651-9607CE3669B3}.Release|Mixed Platforms.Build.0 = Release|Win32
		{5A514142-0466-4E24-A651-9607CE3669B3}.Release|Win32.ActiveCfg = Release|Win32
		{5A514142-0466-4E24-A651-9607CE3669B3}.Release|Win32.Build.0 = Release|Win32
		{5A514142-0466-4E24-A651-9607CE3669B3}.Release|x64.ActiveCfg = Release|x64
		{5A514142-0466-4E24-A651-9607CE3669B3}.Release|x64.Build.0 = Release|x64
		{5A514142-0466-4E24-A651-9607CE3669B3}.Release|x86.ActiveCfg = Release|Win32
		{5A514142-0466-4E24-A651-9607CE3669B3}.Release|x86.Build.0 = Release|Win32
		{269A97F9-CC55-4FDA-B577-317DC1B772C8}.Debug|Any CPU.ActiveCfg = Debug|Any CPU
		{269A97F9-CC55-4FDA-B577-317DC1B772C8}.Debug|Any CPU.Build.0 = Debug|Any CPU
		{269A97F9-CC55-4FDA-B577-317DC1B772C8}.Debug|Mixed Platforms.ActiveCfg = Debug|Any CPU
		{269A97F9-CC55-4FDA-B577-317DC1B772C8}.Debug|Mixed Platforms.Build.0 = Debug|Any CPU
		{269A97F9-CC55-4FDA-B577-317DC1B772C8}.Debug|Win32.ActiveCfg = Debug|Any CPU
		{269A97F9-CC55-4FDA-B577-317DC1B772C8}.Debug|Win32.Build.0 = Debug|Any CPU
		{269A97F9-CC55-4FDA-B577-317DC1B772C8}.Debug|x64.ActiveCfg = Debug|x64
		{269A97F9-CC55-4FDA-B577-317DC1B772C8}.Debug|x64.Build.0 = Debug|x64
		{269A97F9-CC55-4FDA-B577-317DC1B772C8}.Debug|x86.ActiveCfg = Debug|x86
		{269A97F9-CC55-4FDA-B577-317DC1B772C8}.Debug|x86.Build.0 = Debug|x86
		{269A97F9-CC55-4FDA-B577-317DC1B772C8}.Release|Any CPU.ActiveCfg = Release|Any CPU
		{269A97F9-CC55-4FDA-B577-317DC1B772C8}.Release|Any CPU.Build.0 = Release|Any CPU
		{269A97F9-CC55-4FDA-B577-317DC1B772C8}.Release|Mixed Platforms.ActiveCfg = Release|Any CPU
		{269A97F9-CC55-4FDA-B577-317DC1B772C8}.Release|Mixed Platforms.Build.0 = Release|Any CPU
		{269A97F9-CC55-4FDA-B577-317DC1B772C8}.Release|Win32.ActiveCfg = Release|Any CPU
		{269A97F9-CC55-4FDA-B577-317DC1B772C8}.Release|Win32.Build.0 = Release|Any CPU
		{269A97F9-CC55-4FDA-B577-317DC1B772C8}.Release|x64.ActiveCfg = Release|x64
		{269A97F9-CC55-4FDA-B577-317DC1B772C8}.Release|x64.Build.0 = Release|x64
		{269A97F9-CC55-4FDA-B577-317DC1B772C8}.Release|x86.ActiveCfg = Release|Any CPU
		{269A97F9-CC55-4FDA-B577-317DC1B772C8}.Release|x86.Build.0 = Release|Any CPU
		{70687E43-1260-4992-B3BD-A19B68C6A0D3}.Debug|Any CPU.ActiveCfg = Debug|Any CPU
		{70687E43-1260-4992-B3BD-A19B68C6A0D3}.Debug|Any CPU.Build.0 = Debug|Any CPU
		{70687E43-1260-4992-B3BD-A19B68C6A0D3}.Debug|Mixed Platforms.ActiveCfg = Debug|Any CPU
		{70687E43-1260-4992-B3BD-A19B68C6A0D3}.Debug|Mixed Platforms.Build.0 = Debug|Any CPU
		{70687E43-1260-4992-B3BD-A19B68C6A0D3}.Debug|Win32.ActiveCfg = Debug|Any CPU
		{70687E43-1260-4992-B3BD-A19B68C6A0D3}.Debug|Win32.Build.0 = Debug|Any CPU
		{70687E43-1260-4992-B3BD-A19B68C6A0D3}.Debug|x64.ActiveCfg = Debug|x64
		{70687E43-1260-4992-B3BD-A19B68C6A0D3}.Debug|x64.Build.0 = Debug|x64
		{70687E43-1260-4992-B3BD-A19B68C6A0D3}.Debug|x86.ActiveCfg = Debug|x86
		{70687E43-1260-4992-B3BD-A19B68C6A0D3}.Debug|x86.Build.0 = Debug|x86
		{70687E43-1260-4992-B3BD-A19B68C6A0D3}.Release|Any CPU.ActiveCfg = Release|Any CPU
		{70687E43-1260-4992-B3BD-A19B68C6A0D3}.Release|Any CPU.Build.0 = Release|Any CPU
		{70687E43-1260-4992-B3BD-A19B68C6A0D3}.Release|Mixed Platforms.ActiveCfg = Release|Any CPU
		{70687E43-1260-4992-B3BD-A19B68C6A0D3}.Release|Mixed Platforms.Build.0 = Release|Any CPU
		{70687E43-1260-4992-B3BD-A19B68C6A0D3}.Release|Win32.ActiveCfg = Release|Any CPU
		{70687E43-1260-4992-B3BD-A19B68C6A0D3}.Release|Win32.Build.0 = Release|Any CPU
		{70687E43-1260-4992-B3BD-A19B68C6A0D3}.Release|x64.ActiveCfg = Release|x64
		{70687E43-1260-4992-B3BD-A19B68C6A0D3}.Release|x64.Build.0 = Release|x64
		{70687E43-1260-4992-B3BD-A19B68C6A0D3}.Release|x86.ActiveCfg = Release|Any CPU
		{70687E43-1260-4992-B3BD-A19B68C6A0D3}.Release|x86.Build.0 = Release|Any CPU
		{C0ED592F-EE7D-4E14-9BD3-3C003FCD7AB8}.Debug|Any CPU.ActiveCfg = Debug|Any CPU
		{C0ED592F-EE7D-4E14-9BD3-3C003FCD7AB8}.Debug|Any CPU.Build.0 = Debug|Any CPU
		{C0ED592F-EE7D-4E14-9BD3-3C003FCD7AB8}.Debug|Mixed Platforms.ActiveCfg = Debug|x86
		{C0ED592F-EE7D-4E14-9BD3-3C003FCD7AB8}.Debug|Mixed Platforms.Build.0 = Debug|x86
		{C0ED592F-EE7D-4E14-9BD3-3C003FCD7AB8}.Debug|Win32.ActiveCfg = Debug|x86
		{C0ED592F-EE7D-4E14-9BD3-3C003FCD7AB8}.Debug|Win32.Build.0 = Debug|x86
		{C0ED592F-EE7D-4E14-9BD3-3C003FCD7AB8}.Debug|x64.ActiveCfg = Debug|x64
		{C0ED592F-EE7D-4E14-9BD3-3C003FCD7AB8}.Debug|x64.Build.0 = Debug|x64
		{C0ED592F-EE7D-4E14-9BD3-3C003FCD7AB8}.Debug|x86.ActiveCfg = Debug|x86
		{C0ED592F-EE7D-4E14-9BD3-3C003FCD7AB8}.Debug|x86.Build.0 = Debug|x86
		{C0ED592F-EE7D-4E14-9BD3-3C003FCD7AB8}.Release|Any CPU.ActiveCfg = Release|Any CPU
		{C0ED592F-EE7D-4E14-9BD3-3C003FCD7AB8}.Release|Any CPU.Build.0 = Release|Any CPU
		{C0ED592F-EE7D-4E14-9BD3-3C003FCD7AB8}.Release|Mixed Platforms.ActiveCfg = Release|x86
		{C0ED592F-EE7D-4E14-9BD3-3C003FCD7AB8}.Release|Mixed Platforms.Build.0 = Release|x86
		{C0ED592F-EE7D-4E14-9BD3-3C003FCD7AB8}.Release|Win32.ActiveCfg = Release|x86
		{C0ED592F-EE7D-4E14-9BD3-3C003FCD7AB8}.Release|Win32.Build.0 = Release|x86
		{C0ED592F-EE7D-4E14-9BD3-3C003FCD7AB8}.Release|x64.ActiveCfg = Release|x64
		{C0ED592F-EE7D-4E14-9BD3-3C003FCD7AB8}.Release|x64.Build.0 = Release|x64
		{C0ED592F-EE7D-4E14-9BD3-3C003FCD7AB8}.Release|x86.ActiveCfg = Release|x86
		{C0ED592F-EE7D-4E14-9BD3-3C003FCD7AB8}.Release|x86.Build.0 = Release|x86
		{B1E27CC6-6CF8-4012-93D6-4281F1268CDF}.Debug|Any CPU.ActiveCfg = Debug|Any CPU
		{B1E27CC6-6CF8-4012-93D6-4281F1268CDF}.Debug|Any CPU.Build.0 = Debug|Any CPU
		{B1E27CC6-6CF8-4012-93D6-4281F1268CDF}.Debug|Mixed Platforms.ActiveCfg = Debug|Any CPU
		{B1E27CC6-6CF8-4012-93D6-4281F1268CDF}.Debug|Mixed Platforms.Build.0 = Debug|Any CPU
		{B1E27CC6-6CF8-4012-93D6-4281F1268CDF}.Debug|Win32.ActiveCfg = Debug|Any CPU
		{B1E27CC6-6CF8-4012-93D6-4281F1268CDF}.Debug|Win32.Build.0 = Debug|Any CPU
		{B1E27CC6-6CF8-4012-93D6-4281F1268CDF}.Debug|x64.ActiveCfg = Debug|x64
		{B1E27CC6-6CF8-4012-93D6-4281F1268CDF}.Debug|x64.Build.0 = Debug|x64
		{B1E27CC6-6CF8-4012-93D6-4281F1268CDF}.Debug|x86.ActiveCfg = Debug|x86
		{B1E27CC6-6CF8-4012-93D6-4281F1268CDF}.Debug|x86.Build.0 = Debug|x86
		{B1E27CC6-6CF8-4012-93D6-4281F1268CDF}.Release|Any CPU.ActiveCfg = Release|Any CPU
		{B1E27CC6-6CF8-4012-93D6-4281F1268CDF}.Release|Any CPU.Build.0 = Release|Any CPU
		{B1E27CC6-6CF8-4012-93D6-4281F1268CDF}.Release|Mixed Platforms.ActiveCfg = Release|Any CPU
		{B1E27CC6-6CF8-4012-93D6-4281F1268CDF}.Release|Mixed Platforms.Build.0 = Release|Any CPU
		{B1E27CC6-6CF8-4012-93D6-4281F1268CDF}.Release|Win32.ActiveCfg = Release|Any CPU
		{B1E27CC6-6CF8-4012-93D6-4281F1268CDF}.Release|Win32.Build.0 = Release|Any CPU
		{B1E27CC6-6CF8-4012-93D6-4281F1268CDF}.Release|x64.ActiveCfg = Release|x64
		{B1E27CC6-6CF8-4012-93D6-4281F1268CDF}.Release|x64.Build.0 = Release|x64
		{B1E27CC6-6CF8-4012-93D6-4281F1268CDF}.Release|x86.ActiveCfg = Release|Any CPU
		{B1E27CC6-6CF8-4012-93D6-4281F1268CDF}.Release|x86.Build.0 = Release|Any CPU
		{F3877BB4-F4D1-41FE-9804-ABA843DF23D8}.Debug|Any CPU.ActiveCfg = Debug|Any CPU
		{F3877BB4-F4D1-41FE-9804-ABA843DF23D8}.Debug|Any CPU.Build.0 = Debug|Any CPU
		{F3877BB4-F4D1-41FE-9804-ABA843DF23D8}.Debug|Mixed Platforms.ActiveCfg = Debug|x86
		{F3877BB4-F4D1-41FE-9804-ABA843DF23D8}.Debug|Mixed Platforms.Build.0 = Debug|x86
		{F3877BB4-F4D1-41FE-9804-ABA843DF23D8}.Debug|Win32.ActiveCfg = Debug|x86
		{F3877BB4-F4D1-41FE-9804-ABA843DF23D8}.Debug|Win32.Build.0 = Debug|x86
		{F3877BB4-F4D1-41FE-9804-ABA843DF23D8}.Debug|x64.ActiveCfg = Debug|x64
		{F3877BB4-F4D1-41FE-9804-ABA843DF23D8}.Debug|x64.Build.0 = Debug|x64
		{F3877BB4-F4D1-41FE-9804-ABA843DF23D8}.Debug|x86.ActiveCfg = Debug|x86
		{F3877BB4-F4D1-41FE-9804-ABA843DF23D8}.Debug|x86.Build.0 = Debug|x86
		{F3877BB4-F4D1-41FE-9804-ABA843DF23D8}.Release|Any CPU.ActiveCfg = Release|Any CPU
		{F3877BB4-F4D1-41FE-9804-ABA843DF23D8}.Release|Any CPU.Build.0 = Release|Any CPU
		{F3877BB4-F4D1-41FE-9804-ABA843DF23D8}.Release|Mixed Platforms.ActiveCfg = Release|x86
		{F3877BB4-F4D1-41FE-9804-ABA843DF23D8}.Release|Mixed Platforms.Build.0 = Release|x86
		{F3877BB4-F4D1-41FE-9804-ABA843DF23D8}.Release|Win32.ActiveCfg = Release|x86
		{F3877BB4-F4D1-41FE-9804-ABA843DF23D8}.Release|Win32.Build.0 = Release|x86
		{F3877BB4-F4D1-41FE-9804-ABA843DF23D8}.Release|x64.ActiveCfg = Release|x64
		{F3877BB4-F4D1-41FE-9804-ABA843DF23D8}.Release|x64.Build.0 = Release|x64
		{F3877BB4-F4D1-41FE-9804-ABA843DF23D8}.Release|x86.ActiveCfg = Release|x86
		{F3877BB4-F4D1-41FE-9804-ABA843DF23D8}.Release|x86.Build.0 = Release|x86
		{923BBB0F-13FC-412E-9CFA-1CBD61A41454}.Debug|Any CPU.ActiveCfg = Debug|Any CPU
		{923BBB0F-13FC-412E-9CFA-1CBD61A41454}.Debug|Any CPU.Build.0 = Debug|Any CPU
		{923BBB0F-13FC-412E-9CFA-1CBD61A41454}.Debug|Mixed Platforms.ActiveCfg = Debug|x86
		{923BBB0F-13FC-412E-9CFA-1CBD61A41454}.Debug|Mixed Platforms.Build.0 = Debug|x86
		{923BBB0F-13FC-412E-9CFA-1CBD61A41454}.Debug|Win32.ActiveCfg = Debug|x86
		{923BBB0F-13FC-412E-9CFA-1CBD61A41454}.Debug|Win32.Build.0 = Debug|x86
		{923BBB0F-13FC-412E-9CFA-1CBD61A41454}.Debug|x64.ActiveCfg = Debug|x64
		{923BBB0F-13FC-412E-9CFA-1CBD61A41454}.Debug|x64.Build.0 = Debug|x64
		{923BBB0F-13FC-412E-9CFA-1CBD61A41454}.Debug|x86.ActiveCfg = Debug|x86
		{923BBB0F-13FC-412E-9CFA-1CBD61A41454}.Debug|x86.Build.0 = Debug|x86
		{923BBB0F-13FC-412E-9CFA-1CBD61A41454}.Release|Any CPU.ActiveCfg = Release|Any CPU
		{923BBB0F-13FC-412E-9CFA-1CBD61A41454}.Release|Any CPU.Build.0 = Release|Any CPU
		{923BBB0F-13FC-412E-9CFA-1CBD61A41454}.Release|Mixed Platforms.ActiveCfg = Release|x86
		{923BBB0F-13FC-412E-9CFA-1CBD61A41454}.Release|Mixed Platforms.Build.0 = Release|x86
		{923BBB0F-13FC-412E-9CFA-1CBD61A41454}.Release|Win32.ActiveCfg = Release|x86
		{923BBB0F-13FC-412E-9CFA-1CBD61A41454}.Release|Win32.Build.0 = Release|x86
		{923BBB0F-13FC-412E-9CFA-1CBD61A41454}.Release|x64.ActiveCfg = Release|x64
		{923BBB0F-13FC-412E-9CFA-1CBD61A41454}.Release|x64.Build.0 = Release|x64
		{923BBB0F-13FC-412E-9CFA-1CBD61A41454}.Release|x86.ActiveCfg = Release|x86
		{923BBB0F-13FC-412E-9CFA-1CBD61A41454}.Release|x86.Build.0 = Release|x86
		{3BECB981-FE49-403B-A625-2B6F7519C59A}.Debug|Any CPU.ActiveCfg = Debug|Any CPU
		{3BECB981-FE49-403B-A625-2B6F7519C59A}.Debug|Any CPU.Build.0 = Debug|Any CPU
		{3BECB981-FE49-403B-A625-2B6F7519C59A}.Debug|Mixed Platforms.ActiveCfg = Debug|Any CPU
		{3BECB981-FE49-403B-A625-2B6F7519C59A}.Debug|Mixed Platforms.Build.0 = Debug|Any CPU
		{3BECB981-FE49-403B-A625-2B6F7519C59A}.Debug|Win32.ActiveCfg = Debug|Any CPU
		{3BECB981-FE49-403B-A625-2B6F7519C59A}.Debug|Win32.Build.0 = Debug|Any CPU
		{3BECB981-FE49-403B-A625-2B6F7519C59A}.Debug|x64.ActiveCfg = Debug|x64
		{3BECB981-FE49-403B-A625-2B6F7519C59A}.Debug|x64.Build.0 = Debug|x64
		{3BECB981-FE49-403B-A625-2B6F7519C59A}.Debug|x86.ActiveCfg = Debug|Any CPU
		{3BECB981-FE49-403B-A625-2B6F7519C59A}.Debug|x86.Build.0 = Debug|Any CPU
		{3BECB981-FE49-403B-A625-2B6F7519C59A}.Release|Any CPU.ActiveCfg = Release|Any CPU
		{3BECB981-FE49-403B-A625-2B6F7519C59A}.Release|Any CPU.Build.0 = Release|Any CPU
		{3BECB981-FE49-403B-A625-2B6F7519C59A}.Release|Mixed Platforms.ActiveCfg = Release|Any CPU
		{3BECB981-FE49-403B-A625-2B6F7519C59A}.Release|Mixed Platforms.Build.0 = Release|Any CPU
		{3BECB981-FE49-403B-A625-2B6F7519C59A}.Release|Win32.ActiveCfg = Release|Any CPU
		{3BECB981-FE49-403B-A625-2B6F7519C59A}.Release|Win32.Build.0 = Release|Any CPU
		{3BECB981-FE49-403B-A625-2B6F7519C59A}.Release|x64.ActiveCfg = Release|x64
		{3BECB981-FE49-403B-A625-2B6F7519C59A}.Release|x64.Build.0 = Release|x64
		{3BECB981-FE49-403B-A625-2B6F7519C59A}.Release|x86.ActiveCfg = Release|Any CPU
		{3BECB981-FE49-403B-A625-2B6F7519C59A}.Release|x86.Build.0 = Release|Any CPU
		{E382C9F9-0C34-477E-B5AE-0C563F84C96B}.Debug|Any CPU.ActiveCfg = Debug|Any CPU
		{E382C9F9-0C34-477E-B5AE-0C563F84C96B}.Debug|Any CPU.Build.0 = Debug|Any CPU
		{E382C9F9-0C34-477E-B5AE-0C563F84C96B}.Debug|Mixed Platforms.ActiveCfg = Debug|Any CPU
		{E382C9F9-0C34-477E-B5AE-0C563F84C96B}.Debug|Mixed Platforms.Build.0 = Debug|Any CPU
		{E382C9F9-0C34-477E-B5AE-0C563F84C96B}.Debug|Win32.ActiveCfg = Debug|Any CPU
		{E382C9F9-0C34-477E-B5AE-0C563F84C96B}.Debug|Win32.Build.0 = Debug|Any CPU
		{E382C9F9-0C34-477E-B5AE-0C563F84C96B}.Debug|x64.ActiveCfg = Debug|x64
		{E382C9F9-0C34-477E-B5AE-0C563F84C96B}.Debug|x64.Build.0 = Debug|x64
		{E382C9F9-0C34-477E-B5AE-0C563F84C96B}.Debug|x86.ActiveCfg = Debug|Any CPU
		{E382C9F9-0C34-477E-B5AE-0C563F84C96B}.Debug|x86.Build.0 = Debug|Any CPU
		{E382C9F9-0C34-477E-B5AE-0C563F84C96B}.Release|Any CPU.ActiveCfg = Release|Any CPU
		{E382C9F9-0C34-477E-B5AE-0C563F84C96B}.Release|Any CPU.Build.0 = Release|Any CPU
		{E382C9F9-0C34-477E-B5AE-0C563F84C96B}.Release|Mixed Platforms.ActiveCfg = Release|Any CPU
		{E382C9F9-0C34-477E-B5AE-0C563F84C96B}.Release|Mixed Platforms.Build.0 = Release|Any CPU
		{E382C9F9-0C34-477E-B5AE-0C563F84C96B}.Release|Win32.ActiveCfg = Release|Any CPU
		{E382C9F9-0C34-477E-B5AE-0C563F84C96B}.Release|Win32.Build.0 = Release|Any CPU
		{E382C9F9-0C34-477E-B5AE-0C563F84C96B}.Release|x64.ActiveCfg = Release|x64
		{E382C9F9-0C34-477E-B5AE-0C563F84C96B}.Release|x64.Build.0 = Release|x64
		{E382C9F9-0C34-477E-B5AE-0C563F84C96B}.Release|x86.ActiveCfg = Release|Any CPU
		{E382C9F9-0C34-477E-B5AE-0C563F84C96B}.Release|x86.Build.0 = Release|Any CPU
		{11AD1227-834D-49CF-A717-27DFDA4EACC2}.Debug|Any CPU.ActiveCfg = Debug|Any CPU
		{11AD1227-834D-49CF-A717-27DFDA4EACC2}.Debug|Any CPU.Build.0 = Debug|Any CPU
		{11AD1227-834D-49CF-A717-27DFDA4EACC2}.Debug|Mixed Platforms.ActiveCfg = Debug|Any CPU
		{11AD1227-834D-49CF-A717-27DFDA4EACC2}.Debug|Mixed Platforms.Build.0 = Debug|Any CPU
		{11AD1227-834D-49CF-A717-27DFDA4EACC2}.Debug|Win32.ActiveCfg = Debug|Any CPU
		{11AD1227-834D-49CF-A717-27DFDA4EACC2}.Debug|Win32.Build.0 = Debug|Any CPU
		{11AD1227-834D-49CF-A717-27DFDA4EACC2}.Debug|x64.ActiveCfg = Debug|x64
		{11AD1227-834D-49CF-A717-27DFDA4EACC2}.Debug|x64.Build.0 = Debug|x64
		{11AD1227-834D-49CF-A717-27DFDA4EACC2}.Debug|x86.ActiveCfg = Debug|Any CPU
		{11AD1227-834D-49CF-A717-27DFDA4EACC2}.Debug|x86.Build.0 = Debug|Any CPU
		{11AD1227-834D-49CF-A717-27DFDA4EACC2}.Release|Any CPU.ActiveCfg = Release|Any CPU
		{11AD1227-834D-49CF-A717-27DFDA4EACC2}.Release|Any CPU.Build.0 = Release|Any CPU
		{11AD1227-834D-49CF-A717-27DFDA4EACC2}.Release|Mixed Platforms.ActiveCfg = Release|Any CPU
		{11AD1227-834D-49CF-A717-27DFDA4EACC2}.Release|Mixed Platforms.Build.0 = Release|Any CPU
		{11AD1227-834D-49CF-A717-27DFDA4EACC2}.Release|Win32.ActiveCfg = Release|Any CPU
		{11AD1227-834D-49CF-A717-27DFDA4EACC2}.Release|Win32.Build.0 = Release|Any CPU
		{11AD1227-834D-49CF-A717-27DFDA4EACC2}.Release|x64.ActiveCfg = Release|x64
		{11AD1227-834D-49CF-A717-27DFDA4EACC2}.Release|x64.Build.0 = Release|x64
		{11AD1227-834D-49CF-A717-27DFDA4EACC2}.Release|x86.ActiveCfg = Release|Any CPU
		{11AD1227-834D-49CF-A717-27DFDA4EACC2}.Release|x86.Build.0 = Release|Any CPU
		{9F6DB41F-5841-425F-B1C2-6AD623AA7774}.Debug|Any CPU.ActiveCfg = Debug|Any CPU
		{9F6DB41F-5841-425F-B1C2-6AD623AA7774}.Debug|Any CPU.Build.0 = Debug|Any CPU
		{9F6DB41F-5841-425F-B1C2-6AD623AA7774}.Debug|Mixed Platforms.ActiveCfg = Debug|x86
		{9F6DB41F-5841-425F-B1C2-6AD623AA7774}.Debug|Mixed Platforms.Build.0 = Debug|x86
		{9F6DB41F-5841-425F-B1C2-6AD623AA7774}.Debug|Win32.ActiveCfg = Debug|x86
		{9F6DB41F-5841-425F-B1C2-6AD623AA7774}.Debug|Win32.Build.0 = Debug|x86
		{9F6DB41F-5841-425F-B1C2-6AD623AA7774}.Debug|x64.ActiveCfg = Debug|x64
		{9F6DB41F-5841-425F-B1C2-6AD623AA7774}.Debug|x64.Build.0 = Debug|x64
		{9F6DB41F-5841-425F-B1C2-6AD623AA7774}.Debug|x86.ActiveCfg = Debug|x86
		{9F6DB41F-5841-425F-B1C2-6AD623AA7774}.Debug|x86.Build.0 = Debug|x86
		{9F6DB41F-5841-425F-B1C2-6AD623AA7774}.Release|Any CPU.ActiveCfg = Release|Any CPU
		{9F6DB41F-5841-425F-B1C2-6AD623AA7774}.Release|Any CPU.Build.0 = Release|Any CPU
		{9F6DB41F-5841-425F-B1C2-6AD623AA7774}.Release|Mixed Platforms.ActiveCfg = Release|x86
		{9F6DB41F-5841-425F-B1C2-6AD623AA7774}.Release|Mixed Platforms.Build.0 = Release|x86
		{9F6DB41F-5841-425F-B1C2-6AD623AA7774}.Release|Win32.ActiveCfg = Release|x86
		{9F6DB41F-5841-425F-B1C2-6AD623AA7774}.Release|Win32.Build.0 = Release|x86
		{9F6DB41F-5841-425F-B1C2-6AD623AA7774}.Release|x64.ActiveCfg = Release|x64
		{9F6DB41F-5841-425F-B1C2-6AD623AA7774}.Release|x64.Build.0 = Release|x64
		{9F6DB41F-5841-425F-B1C2-6AD623AA7774}.Release|x86.ActiveCfg = Release|x86
		{9F6DB41F-5841-425F-B1C2-6AD623AA7774}.Release|x86.Build.0 = Release|x86
		{03A088FC-C9D5-4AD7-9249-3EFE933DDC16}.Debug|Any CPU.ActiveCfg = Debug|Any CPU
		{03A088FC-C9D5-4AD7-9249-3EFE933DDC16}.Debug|Any CPU.Build.0 = Debug|Any CPU
		{03A088FC-C9D5-4AD7-9249-3EFE933DDC16}.Debug|Mixed Platforms.ActiveCfg = Debug|Any CPU
		{03A088FC-C9D5-4AD7-9249-3EFE933DDC16}.Debug|Mixed Platforms.Build.0 = Debug|Any CPU
		{03A088FC-C9D5-4AD7-9249-3EFE933DDC16}.Debug|Win32.ActiveCfg = Debug|Any CPU
		{03A088FC-C9D5-4AD7-9249-3EFE933DDC16}.Debug|Win32.Build.0 = Debug|Any CPU
		{03A088FC-C9D5-4AD7-9249-3EFE933DDC16}.Debug|x64.ActiveCfg = Debug|Any CPU
		{03A088FC-C9D5-4AD7-9249-3EFE933DDC16}.Debug|x64.Build.0 = Debug|Any CPU
		{03A088FC-C9D5-4AD7-9249-3EFE933DDC16}.Debug|x86.ActiveCfg = Debug|Any CPU
		{03A088FC-C9D5-4AD7-9249-3EFE933DDC16}.Debug|x86.Build.0 = Debug|Any CPU
		{03A088FC-C9D5-4AD7-9249-3EFE933DDC16}.Release|Any CPU.ActiveCfg = Release|Any CPU
		{03A088FC-C9D5-4AD7-9249-3EFE933DDC16}.Release|Any CPU.Build.0 = Release|Any CPU
		{03A088FC-C9D5-4AD7-9249-3EFE933DDC16}.Release|Mixed Platforms.ActiveCfg = Release|Any CPU
		{03A088FC-C9D5-4AD7-9249-3EFE933DDC16}.Release|Mixed Platforms.Build.0 = Release|Any CPU
		{03A088FC-C9D5-4AD7-9249-3EFE933DDC16}.Release|Win32.ActiveCfg = Release|Any CPU
		{03A088FC-C9D5-4AD7-9249-3EFE933DDC16}.Release|Win32.Build.0 = Release|Any CPU
		{03A088FC-C9D5-4AD7-9249-3EFE933DDC16}.Release|x64.ActiveCfg = Release|Any CPU
		{03A088FC-C9D5-4AD7-9249-3EFE933DDC16}.Release|x64.Build.0 = Release|Any CPU
		{03A088FC-C9D5-4AD7-9249-3EFE933DDC16}.Release|x86.ActiveCfg = Release|Any CPU
		{03A088FC-C9D5-4AD7-9249-3EFE933DDC16}.Release|x86.Build.0 = Release|Any CPU
		{60C0B62A-5415-456F-81FB-11DD70236A07}.Debug|Any CPU.ActiveCfg = Debug|Any CPU
		{60C0B62A-5415-456F-81FB-11DD70236A07}.Debug|Any CPU.Build.0 = Debug|Any CPU
		{60C0B62A-5415-456F-81FB-11DD70236A07}.Debug|Mixed Platforms.ActiveCfg = Debug|Any CPU
		{60C0B62A-5415-456F-81FB-11DD70236A07}.Debug|Mixed Platforms.Build.0 = Debug|Any CPU
		{60C0B62A-5415-456F-81FB-11DD70236A07}.Debug|Win32.ActiveCfg = Debug|Any CPU
		{60C0B62A-5415-456F-81FB-11DD70236A07}.Debug|Win32.Build.0 = Debug|Any CPU
		{60C0B62A-5415-456F-81FB-11DD70236A07}.Debug|x64.ActiveCfg = Debug|Any CPU
		{60C0B62A-5415-456F-81FB-11DD70236A07}.Debug|x64.Build.0 = Debug|Any CPU
		{60C0B62A-5415-456F-81FB-11DD70236A07}.Debug|x86.ActiveCfg = Debug|Any CPU
		{60C0B62A-5415-456F-81FB-11DD70236A07}.Debug|x86.Build.0 = Debug|Any CPU
		{60C0B62A-5415-456F-81FB-11DD70236A07}.Release|Any CPU.ActiveCfg = Release|Any CPU
		{60C0B62A-5415-456F-81FB-11DD70236A07}.Release|Any CPU.Build.0 = Release|Any CPU
		{60C0B62A-5415-456F-81FB-11DD70236A07}.Release|Mixed Platforms.ActiveCfg = Release|Any CPU
		{60C0B62A-5415-456F-81FB-11DD70236A07}.Release|Mixed Platforms.Build.0 = Release|Any CPU
		{60C0B62A-5415-456F-81FB-11DD70236A07}.Release|Win32.ActiveCfg = Release|Any CPU
		{60C0B62A-5415-456F-81FB-11DD70236A07}.Release|Win32.Build.0 = Release|Any CPU
		{60C0B62A-5415-456F-81FB-11DD70236A07}.Release|x64.ActiveCfg = Release|Any CPU
		{60C0B62A-5415-456F-81FB-11DD70236A07}.Release|x64.Build.0 = Release|Any CPU
		{60C0B62A-5415-456F-81FB-11DD70236A07}.Release|x86.ActiveCfg = Release|Any CPU
		{60C0B62A-5415-456F-81FB-11DD70236A07}.Release|x86.Build.0 = Release|Any CPU
		{6C9D4F92-4F35-47C2-AE6F-E631ACC6B7E1}.Debug|Any CPU.ActiveCfg = Debug|Any CPU
		{6C9D4F92-4F35-47C2-AE6F-E631ACC6B7E1}.Debug|Any CPU.Build.0 = Debug|Any CPU
		{6C9D4F92-4F35-47C2-AE6F-E631ACC6B7E1}.Debug|Mixed Platforms.ActiveCfg = Debug|x86
		{6C9D4F92-4F35-47C2-AE6F-E631ACC6B7E1}.Debug|Mixed Platforms.Build.0 = Debug|x86
		{6C9D4F92-4F35-47C2-AE6F-E631ACC6B7E1}.Debug|Win32.ActiveCfg = Debug|x86
		{6C9D4F92-4F35-47C2-AE6F-E631ACC6B7E1}.Debug|Win32.Build.0 = Debug|x86
		{6C9D4F92-4F35-47C2-AE6F-E631ACC6B7E1}.Debug|x64.ActiveCfg = Debug|x64
		{6C9D4F92-4F35-47C2-AE6F-E631ACC6B7E1}.Debug|x64.Build.0 = Debug|x64
		{6C9D4F92-4F35-47C2-AE6F-E631ACC6B7E1}.Debug|x86.ActiveCfg = Debug|x86
		{6C9D4F92-4F35-47C2-AE6F-E631ACC6B7E1}.Debug|x86.Build.0 = Debug|x86
		{6C9D4F92-4F35-47C2-AE6F-E631ACC6B7E1}.Release|Any CPU.ActiveCfg = Release|Any CPU
		{6C9D4F92-4F35-47C2-AE6F-E631ACC6B7E1}.Release|Any CPU.Build.0 = Release|Any CPU
		{6C9D4F92-4F35-47C2-AE6F-E631ACC6B7E1}.Release|Mixed Platforms.ActiveCfg = Release|x86
		{6C9D4F92-4F35-47C2-AE6F-E631ACC6B7E1}.Release|Mixed Platforms.Build.0 = Release|x86
		{6C9D4F92-4F35-47C2-AE6F-E631ACC6B7E1}.Release|Win32.ActiveCfg = Release|x86
		{6C9D4F92-4F35-47C2-AE6F-E631ACC6B7E1}.Release|Win32.Build.0 = Release|x86
		{6C9D4F92-4F35-47C2-AE6F-E631ACC6B7E1}.Release|x64.ActiveCfg = Release|x64
		{6C9D4F92-4F35-47C2-AE6F-E631ACC6B7E1}.Release|x64.Build.0 = Release|x64
		{6C9D4F92-4F35-47C2-AE6F-E631ACC6B7E1}.Release|x86.ActiveCfg = Release|x86
		{6C9D4F92-4F35-47C2-AE6F-E631ACC6B7E1}.Release|x86.Build.0 = Release|x86
	EndGlobalSection
	GlobalSection(SolutionProperties) = preSolution
		HideSolutionNode = FALSE
	EndGlobalSection
	GlobalSection(ExtensibilityGlobals) = postSolution
		SolutionGuid = {43D8841E-E2BD-4329-A6CA-B7B995586C97}
	EndGlobalSection
EndGlobal
